
Microsoft Visual Studio Solution File, Format Version 12.00
# Visual Studio Version 17
VisualStudioVersion = 17.3.32825.248
MinimumVisualStudioVersion = 10.0.40219.1
Project("{FAE04EC0-301F-11D3-BF4B-00C04F79EFBC}") = "Pruebas Tema3", "Pruebas Tema3\Pruebas Tema3.csproj", "{ABEC46DA-292B-4B9E-85A2-C20638813F54}"
EndProject
Global
	GlobalSection(SolutionConfigurationPlatforms) = preSolution
		Debug|Any CPU = Debug|Any CPU
		Release|Any CPU = Release|Any CPU
	EndGlobalSection
	GlobalSection(ProjectConfigurationPlatforms) = postSolution
		{ABEC46DA-292B-4B9E-85A2-C20638813F54}.Debug|Any CPU.ActiveCfg = Debug|Any CPU
		{ABEC46DA-292B-4B9E-85A2-C20638813F54}.Debug|Any CPU.Build.0 = Debug|Any CPU
		{ABEC46DA-292B-4B9E-85A2-C20638813F54}.Release|Any CPU.ActiveCfg = Release|Any CPU
		{ABEC46DA-292B-4B9E-85A2-C20638813F54}.Release|Any CPU.Build.0 = Release|Any CPU
	EndGlobalSection
	GlobalSection(SolutionProperties) = preSolution
		HideSolutionNode = FALSE
	EndGlobalSection
	GlobalSection(ExtensibilityGlobals) = postSolution
		SolutionGuid = {52AEEE73-99A1-4B9F-9FBE-C0386A059616}
	EndGlobalSection
EndGlobal
