
Microsoft Visual Studio Solution File, Format Version 12.00
# Visual Studio Version 17
VisualStudioVersion = 17.3.32825.248
MinimumVisualStudioVersion = 10.0.40219.1
Project("{FAE04EC0-301F-11D3-BF4B-00C04F79EFBC}") = "NavegadorWeb", "NavegadorWeb\NavegadorWeb.csproj", "{643AD41E-2930-4034-95ED-ED72806272A8}"
EndProject
Global
	GlobalSection(SolutionConfigurationPlatforms) = preSolution
		Debug|Any CPU = Debug|Any CPU
		Release|Any CPU = Release|Any CPU
	EndGlobalSection
	GlobalSection(ProjectConfigurationPlatforms) = postSolution
		{643AD41E-2930-4034-95ED-ED72806272A8}.Debug|Any CPU.ActiveCfg = Debug|Any CPU
		{643AD41E-2930-4034-95ED-ED72806272A8}.Debug|Any CPU.Build.0 = Debug|Any CPU
		{643AD41E-2930-4034-95ED-ED72806272A8}.Release|Any CPU.ActiveCfg = Release|Any CPU
		{643AD41E-2930-4034-95ED-ED72806272A8}.Release|Any CPU.Build.0 = Release|Any CPU
	EndGlobalSection
	GlobalSection(SolutionProperties) = preSolution
		HideSolutionNode = FALSE
	EndGlobalSection
	GlobalSection(ExtensibilityGlobals) = postSolution
		SolutionGuid = {AE320C05-A9E0-48A4-A878-62D4474CB8C0}
	EndGlobalSection
EndGlobal
